// !$*UTF8*$!
{
	archiveVersion = 1;
	classes = {
	};
	objectVersion = 48;
	objects = {

/* Begin PBXBuildFile section */
		298A489A1F75119200C431CD /* AppDelegate.m in Sources */ = {isa = PBXBuildFile; fileRef = 298A48991F75119200C431CD /* AppDelegate.m */; };
		298A48A01F75119200C431CD /* Main.storyboard in Resources */ = {isa = PBXBuildFile; fileRef = 298A489E1F75119200C431CD /* Main.storyboard */; };
		298A48A21F75119200C431CD /* Assets.xcassets in Resources */ = {isa = PBXBuildFile; fileRef = 298A48A11F75119200C431CD /* Assets.xcassets */; };
		298A48A51F75119200C431CD /* LaunchScreen.storyboard in Resources */ = {isa = PBXBuildFile; fileRef = 298A48A31F75119200C431CD /* LaunchScreen.storyboard */; };
		298A48A81F75119200C431CD /* main.m in Sources */ = {isa = PBXBuildFile; fileRef = 298A48A71F75119200C431CD /* main.m */; };
/* End PBXBuildFile section */

/* Begin PBXFileReference section */
		298A48951F75119200C431CD /* iphoneXDemo.app */ = {isa = PBXFileReference; explicitFileType = wrapper.application; includeInIndex = 0; path = iphoneXDemo.app; sourceTree = BUILT_PRODUCTS_DIR; };
		298A48981F75119200C431CD /* AppDelegate.h */ = {isa = PBXFileReference; lastKnownFileType = sourcecode.c.h; path = AppDelegate.h; sourceTree = "<group>"; };
		298A48991F75119200C431CD /* AppDelegate.m */ = {isa = PBXFileReference; lastKnownFileType = sourcecode.c.objc; path = AppDelegate.m; sourceTree = "<group>"; };
		298A489F1F75119200C431CD /* Base */ = {isa = PBXFileReference; lastKnownFileType = file.storyboard; name = Base; path = Base.lproj/Main.storyboard; sourceTree = "<group>"; };
		298A48A11F75119200C431CD /* Assets.xcassets */ = {isa = PBXFileReference; lastKnownFileType = folder.assetcatalog; path = Assets.xcassets; sourceTree = "<group>"; };
		298A48A41F75119200C431CD /* Base */ = {isa = PBXFileReference; lastKnownFileType = file.storyboard; name = Base; path = Base.lproj/LaunchScreen.storyboard; sourceTree = "<group>"; };
		298A48A61F75119200C431CD /* Info.plist */ = {isa = PBXFileReference; lastKnownFileType = text.plist.xml; path = Info.plist; sourceTree = "<group>"; };
		298A48A71F75119200C431CD /* main.m */ = {isa = PBXFileReference; lastKnownFileType = sourcecode.c.objc; path = main.m; sourceTree = "<group>"; };
/* End PBXFileReference section */

/* Begin PBXFrameworksBuildPhase section */
		298A48921F75119200C431CD /* Frameworks */ = {
			isa = PBXFrameworksBuildPhase;
			buildActionMask = 2147483647;
			files = (
			);
			runOnlyForDeploymentPostprocessing = 0;
		};
/* End PBXFrameworksBuildPhase section */

/* Begin PBXGroup section */
		298A488C1F75119200C431CD = {
			isa = PBXGroup;
			children = (
				298A48971F75119200C431CD /* iphoneXDemo */,
				298A48961F75119200C431CD /* Products */,
			);
			sourceTree = "<group>";
		};
		298A48961F75119200C431CD /* Products */ = {
			isa = PBXGroup;
			children = (
				298A48951F75119200C431CD /* iphoneXDemo.app */,
			);
			name = Products;
			sourceTree = "<group>";
		};
		298A48971F75119200C431CD /* iphoneXDemo */ = {
			isa = PBXGroup;
			children = (
				298A48AE1F7519AC00C431CD /* Classes */,
				298A48981F75119200C431CD /* AppDelegate.h */,
				298A48991F75119200C431CD /* AppDelegate.m */,
				298A489E1F75119200C431CD /* Main.storyboard */,
				298A48A11F75119200C431CD /* Assets.xcassets */,
				298A48A31F75119200C431CD /* LaunchScreen.storyboard */,
				298A48A61F75119200C431CD /* Info.plist */,
				298A48A71F75119200C431CD /* main.m */,
			);
			path = iphoneXDemo;
			sourceTree = "<group>";
		};
		298A48AE1F7519AC00C431CD /* Classes */ = {
			isa = PBXGroup;
			children = (
				298A48AF1F7519AC00C431CD /* Home */,
				298A48B01F7519AC00C431CD /* Main */,
				298A48B11F7519AC00C431CD /* Mine */,
			);
			path = Classes;
			sourceTree = "<group>";
		};
		298A48AF1F7519AC00C431CD /* Home */ = {
			isa = PBXGroup;
			children = (
			);
			path = Home;
			sourceTree = "<group>";
		};
		298A48B01F7519AC00C431CD /* Main */ = {
			isa = PBXGroup;
			children = (
			);
			path = Main;
			sourceTree = "<group>";
		};
		298A48B11F7519AC00C431CD /* Mine */ = {
			isa = PBXGroup;
			children = (
			);
			path = Mine;
			sourceTree = "<group>";
		};
/* End PBXGroup section */

/* Begin PBXNativeTarget section */
		298A48941F75119200C431CD /* iphoneXDemo */ = {
			isa = PBXNativeTarget;
			buildConfigurationList = 298A48AB1F75119200C431CD /* Build configuration list for PBXNativeTarget "iphoneXDemo" */;
			buildPhases = (
				298A48911F75119200C431CD /* Sources */,
				298A48921F75119200C431CD /* Frameworks */,
				298A48931F75119200C431CD /* Resources */,
			);
			buildRules = (
			);
			dependencies = (
			);
			name = iphoneXDemo;
			productName = iphoneXDemo;
			productReference = 298A48951F75119200C431CD /* iphoneXDemo.app */;
			productType = "com.apple.product-type.application";
		};
/* End PBXNativeTarget section */

/* Begin PBXProject section */
		298A488D1F75119200C431CD /* Project object */ = {
			isa = PBXProject;
			attributes = {
				LastUpgradeCheck = 0900;
				ORGANIZATIONNAME = "张向东";
				TargetAttributes = {
					298A48941F75119200C431CD = {
						CreatedOnToolsVersion = 9.0;
						ProvisioningStyle = Automatic;
					};
				};
			};
			buildConfigurationList = 298A48901F75119200C431CD /* Build configuration list for PBXProject "iphoneXDemo" */;
			compatibilityVersion = "Xcode 8.0";
			developmentRegion = en;
			hasScannedForEncodings = 0;
			knownRegions = (
				en,
				Base,
			);
			mainGroup = 298A488C1F75119200C431CD;
			productRefGroup = 298A48961F75119200C431CD /* Products */;
			projectDirPath = "";
			projectRoot = "";
			targets = (
				298A48941F75119200C431CD /* iphoneXDemo */,
			);
		};
/* End PBXProject section */

/* Begin PBXResourcesBuildPhase section */
		298A48931F75119200C431CD /* Resources */ = {
			isa = PBXResourcesBuildPhase;
			buildActionMask = 2147483647;
			files = (
				298A48A51F75119200C431CD /* LaunchScreen.storyboard in Resources */,
				298A48A21F75119200C431CD /* Assets.xcassets in Resources */,
				298A48A01F75119200C431CD /* Main.storyboard in Resources */,
			);
			runOnlyForDeploymentPostprocessing = 0;
		};
/* End PBXResourcesBuildPhase section */

/* Begin PBXSourcesBuildPhase section */
		298A48911F75119200C431CD /* Sources */ = {
			isa = PBXSourcesBuildPhase;
			buildActionMask = 2147483647;
			files = (
				298A48A81F75119200C431CD /* main.m in Sources */,
				298A489A1F75119200C431CD /* AppDelegate.m in Sources */,
			);
			runOnlyForDeploymentPostprocessing = 0;
		};
/* End PBXSourcesBuildPhase section */

/* Begin PBXVariantGroup section */
		298A489E1F75119200C431CD /* Main.storyboard */ = {
			isa = PBXVariantGroup;
			children = (
				298A489F1F75119200C431CD /* Base */,
			);
			name = Main.storyboard;
			sourceTree = "<group>";
		};
		298A48A31F75119200C431CD /* LaunchScreen.storyboard */ = {
			isa = PBXVariantGroup;
			children = (
				298A48A41F75119200C431CD /* Base */,
			);
			name = LaunchScreen.storyboard;
			sourceTree = "<group>";
		};
/* End PBXVariantGroup section */

/* Begin XCBuildConfiguration section */
		298A48A91F75119200C431CD /* Debug */ = {
			isa = XCBuildConfiguration;
			buildSettings = {
				ALWAYS_SEARCH_USER_PATHS = NO;
				CLANG_ANALYZER_NONNULL = YES;
				CLANG_ANALYZER_NUMBER_OBJECT_CONVERSION = YES_AGGRESSIVE;
				CLANG_CXX_LANGUAGE_STANDARD = "gnu++14";
				CLANG_CXX_LIBRARY = "libc++";
				CLANG_ENABLE_MODULES = YES;
				CLANG_ENABLE_OBJC_ARC = YES;
				CLANG_WARN_BLOCK_CAPTURE_AUTORELEASING = YES;
				CLANG_WARN_BOOL_CONVERSION = YES;
				CLANG_WARN_COMMA = YES;
				CLANG_WARN_CONSTANT_CONVERSION = YES;
				CLANG_WARN_DIRECT_OBJC_ISA_USAGE = YES_ERROR;
				CLANG_WARN_DOCUMENTATION_COMMENTS = YES;
				CLANG_WARN_EMPTY_BODY = YES;
				CLANG_WARN_ENUM_CONVERSION = YES;
				CLANG_WARN_INFINITE_RECURSION = YES;
				CLANG_WARN_INT_CONVERSION = YES;
				CLANG_WARN_NON_LITERAL_NULL_CONVERSION = YES;
				CLANG_WARN_OBJC_LITERAL_CONVERSION = YES;
				CLANG_WARN_OBJC_ROOT_CLASS = YES_ERROR;
				CLANG_WARN_RANGE_LOOP_ANALYSIS = YES;
				CLANG_WARN_STRICT_PROTOTYPES = YES;
				CLANG_WARN_SUSPICIOUS_MOVE = YES;
				CLANG_WARN_UNGUARDED_AVAILABILITY = YES_AGGRESSIVE;
				CLANG_WARN_UNREACHABLE_CODE = YES;
				CLANG_WARN__DUPLICATE_METHOD_MATCH = YES;
				CODE_SIGN_IDENTITY = "iPhone Developer";
				COPY_PHASE_STRIP = NO;
				DEBUG_INFORMATION_FORMAT = dwarf;
				ENABLE_STRICT_OBJC_MSGSEND = YES;
				ENABLE_TESTABILITY = YES;
				GCC_C_LANGUAGE_STANDARD = gnu11;
				GCC_DYNAMIC_NO_PIC = NO;
				GCC_NO_COMMON_BLOCKS = YES;
				GCC_OPTIMIZATION_LEVEL = 0;
				GCC_PREPROCESSOR_DEFINITIONS = (
					"DEBUG=1",
					"$(inherited)",
				);
				GCC_WARN_64_TO_32_BIT_CONVERSION = YES;
				GCC_WARN_ABOUT_RETURN_TYPE = YES_ERROR;
				GCC_WARN_UNDECLARED_SELECTOR = YES;
				GCC_WARN_UNINITIALIZED_AUTOS = YES_AGGRESSIVE;
				GCC_WARN_UNUSED_FUNCTION = YES;
				GCC_WARN_UNUSED_VARIABLE = YES;
				IPHONEOS_DEPLOYMENT_TARGET = 11.0;
				MTL_ENABLE_DEBUG_INFO = YES;
				ONLY_ACTIVE_ARCH = YES;
				SDKROOT = iphoneos;
			};
			name = Debug;
		};
		298A48AA1F75119200C431CD /* Release */ = {
			isa = XCBuildConfiguration;
			buildSettings = {
				ALWAYS_SEARCH_USER_PATHS = NO;
				CLANG_ANALYZER_NONNULL = YES;
				CLANG_ANALYZER_NUMBER_OBJECT_CONVERSION = YES_AGGRESSIVE;
				CLANG_CXX_LANGUAGE_STANDARD = "gnu++14";
				CLANG_CXX_LIBRARY = "libc++";
				CLANG_ENABLE_MODULES = YES;
				CLANG_ENABLE_OBJC_ARC = YES;
				CLANG_WARN_BLOCK_CAPTURE_AUTORELEASING = YES;
				CLANG_WARN_BOOL_CONVERSION = YES;
				CLANG_WARN_COMMA = YES;
				CLANG_WARN_CONSTANT_CONVERSION = YES;
				CLANG_WARN_DIRECT_OBJC_ISA_USAGE = YES_ERROR;
				CLANG_WARN_DOCUMENTATION_COMMENTS = YES;
				CLANG_WARN_EMPTY_BODY = YES;
				CLANG_WARN_ENUM_CONVERSION = YES;
				CLANG_WARN_INFINITE_RECURSION = YES;
				CLANG_WARN_INT_CONVERSION = YES;
				CLANG_WARN_NON_LITERAL_NULL_CONVERSION = YES;
				CLANG_WARN_OBJC_LITERAL_CONVERSION = YES;
				CLANG_WARN_OBJC_ROOT_CLASS = YES_ERROR;
				CLANG_WARN_RANGE_LOOP_ANALYSIS = YES;
				CLANG_WARN_STRICT_PROTOTYPES = YES;
				CLANG_WARN_SUSPICIOUS_MOVE = YES;
				CLANG_WARN_UNGUARDED_AVAILABILITY = YES_AGGRESSIVE;
				CLANG_WARN_UNREACHABLE_CODE = YES;
				CLANG_WARN__DUPLICATE_METHOD_MATCH = YES;
				CODE_SIGN_IDENTITY = "iPhone Developer";
				COPY_PHASE_STRIP = NO;
				DEBUG_INFORMATION_FORMAT = "dwarf-with-dsym";
				ENABLE_NS_ASSERTIONS = NO;
				ENABLE_STRICT_OBJC_MSGSEND = YES;
				GCC_C_LANGUAGE_STANDARD = gnu11;
				GCC_NO_COMMON_BLOCKS = YES;
				GCC_WARN_64_TO_32_BIT_CONVERSION = YES;
				GCC_WARN_ABOUT_RETURN_TYPE = YES_ERROR;
				GCC_WARN_UNDECLARED_SELECTOR = YES;
				GCC_WARN_UNINITIALIZED_AUTOS = YES_AGGRESSIVE;
				GCC_WARN_UNUSED_FUNCTION = YES;
				GCC_WARN_UNUSED_VARIABLE = YES;
				IPHONEOS_DEPLOYMENT_TARGET = 11.0;
				MTL_ENABLE_DEBUG_INFO = NO;
				SDKROOT = iphoneos;
				VALIDATE_PRODUCT = YES;
			};
			name = Release;
		};
		298A48AC1F75119200C431CD /* Debug */ = {
			isa = XCBuildConfiguration;
			buildSettings = {
				ASSETCATALOG_COMPILER_APPICON_NAME = AppIcon;
				CODE_SIGN_STYLE = Automatic;
				INFOPLIST_FILE = iphoneXDemo/Info.plist;
				LD_RUNPATH_SEARCH_PATHS = "$(inherited) @executable_path/Frameworks";
				PRODUCT_BUNDLE_IDENTIFIER = com.zhangxiangdong.iphoneXDemo;
				PRODUCT_NAME = "$(TARGET_NAME)";
				TARGETED_DEVICE_FAMILY = "1,2";
			};
			name = Debug;
		};
		298A48AD1F75119200C431CD /* Release */ = {
			isa = XCBuildConfiguration;
			buildSettings = {
				ASSETCATALOG_COMPILER_APPICON_NAME = AppIcon;
				CODE_SIGN_STYLE = Automatic;
				INFOPLIST_FILE = iphoneXDemo/Info.plist;
				LD_RUNPATH_SEARCH_PATHS = "$(inherited) @executable_path/Frameworks";
				PRODUCT_BUNDLE_IDENTIFIER = com.zhangxiangdong.iphoneXDemo;
				PRODUCT_NAME = "$(TARGET_NAME)";
				TARGETED_DEVICE_FAMILY = "1,2";
			};
			name = Release;
		};
/* End XCBuildConfiguration section */

/* Begin XCConfigurationList section */
		298A48901F75119200C431CD /* Build configuration list for PBXProject "iphoneXDemo" */ = {
			isa = XCConfigurationList;
			buildConfigurations = (
				298A48A91F75119200C431CD /* Debug */,
				298A48AA1F75119200C431CD /* Release */,
			);
			defaultConfigurationIsVisible = 0;
			defaultConfigurationName = Release;
		};
		298A48AB1F75119200C431CD /* Build configuration list for PBXNativeTarget "iphoneXDemo" */ = {
			isa = XCConfigurationList;
			buildConfigurations = (
				298A48AC1F75119200C431CD /* Debug */,
				298A48AD1F75119200C431CD /* Release */,
			);
			defaultConfigurationIsVisible = 0;
			defaultConfigurationName = Release;
		};
/* End XCConfigurationList section */
	};
	rootObject = 298A488D1F75119200C431CD /* Project object */;
}
